// !$*UTF8*$!
{
	archiveVersion = 1;
	classes = {
	};
	objectVersion = 50;
	objects = {

/* Begin PBXBuildFile section */
		BD02B67B22823A53003F3D78 /* Countdown.swift in Sources */ = {isa = PBXBuildFile; fileRef = BD02B67A22823A53003F3D78 /* Countdown.swift */; };
		BD40A74C2279344E00EB0F35 /* AppDelegate.swift in Sources */ = {isa = PBXBuildFile; fileRef = BD40A74B2279344E00EB0F35 /* AppDelegate.swift */; };
		BD40A7512279344E00EB0F35 /* Main.storyboard in Resources */ = {isa = PBXBuildFile; fileRef = BD40A74F2279344E00EB0F35 /* Main.storyboard */; };
		BD40A7532279344F00EB0F35 /* Assets.xcassets in Resources */ = {isa = PBXBuildFile; fileRef = BD40A7522279344F00EB0F35 /* Assets.xcassets */; };
		BD40A7562279344F00EB0F35 /* LaunchScreen.storyboard in Resources */ = {isa = PBXBuildFile; fileRef = BD40A7542279344F00EB0F35 /* LaunchScreen.storyboard */; };
		BD40A75E2279346B00EB0F35 /* CountdownViewController.swift in Sources */ = {isa = PBXBuildFile; fileRef = BD40A75D2279346B00EB0F35 /* CountdownViewController.swift */; };
/* End PBXBuildFile section */

/* Begin PBXFileReference section */
		BD02B67A22823A53003F3D78 /* Countdown.swift */ = {isa = PBXFileReference; lastKnownFileType = sourcecode.swift; path = Countdown.swift; sourceTree = "<group>"; };
		BD40A7482279344E00EB0F35 /* CountdownDemo.app */ = {isa = PBXFileReference; explicitFileType = wrapper.application; includeInIndex = 0; path = CountdownDemo.app; sourceTree = BUILT_PRODUCTS_DIR; };
		BD40A74B2279344E00EB0F35 /* AppDelegate.swift */ = {isa = PBXFileReference; lastKnownFileType = sourcecode.swift; path = AppDelegate.swift; sourceTree = "<group>"; };
		BD40A7502279344E00EB0F35 /* Base */ = {isa = PBXFileReference; lastKnownFileType = file.storyboard; name = Base; path = Base.lproj/Main.storyboard; sourceTree = "<group>"; };
		BD40A7522279344F00EB0F35 /* Assets.xcassets */ = {isa = PBXFileReference; lastKnownFileType = folder.assetcatalog; path = Assets.xcassets; sourceTree = "<group>"; };
		BD40A7552279344F00EB0F35 /* Base */ = {isa = PBXFileReference; lastKnownFileType = file.storyboard; name = Base; path = Base.lproj/LaunchScreen.storyboard; sourceTree = "<group>"; };
		BD40A7572279344F00EB0F35 /* Info.plist */ = {isa = PBXFileReference; lastKnownFileType = text.plist.xml; path = Info.plist; sourceTree = "<group>"; };
		BD40A75D2279346B00EB0F35 /* CountdownViewController.swift */ = {isa = PBXFileReference; lastKnownFileType = sourcecode.swift; path = CountdownViewController.swift; sourceTree = "<group>"; };
/* End PBXFileReference section */

/* Begin PBXFrameworksBuildPhase section */
		BD40A7452279344E00EB0F35 /* Frameworks */ = {
			isa = PBXFrameworksBuildPhase;
			buildActionMask = 2147483647;
			files = (
			);
			runOnlyForDeploymentPostprocessing = 0;
		};
/* End PBXFrameworksBuildPhase section */

/* Begin PBXGroup section */
		BD40A73F2279344E00EB0F35 = {
			isa = PBXGroup;
			children = (
				BD40A74A2279344E00EB0F35 /* CountdownDemo */,
				BD40A7492279344E00EB0F35 /* Products */,
			);
			sourceTree = "<group>";
		};
		BD40A7492279344E00EB0F35 /* Products */ = {
			isa = PBXGroup;
			children = (
				BD40A7482279344E00EB0F35 /* CountdownDemo.app */,
			);
			name = Products;
			sourceTree = "<group>";
		};
		BD40A74A2279344E00EB0F35 /* CountdownDemo */ = {
			isa = PBXGroup;
			children = (
				BD40A74B2279344E00EB0F35 /* AppDelegate.swift */,
				BD40A75D2279346B00EB0F35 /* CountdownViewController.swift */,
				BD02B67A22823A53003F3D78 /* Countdown.swift */,
				BD40A74F2279344E00EB0F35 /* Main.storyboard */,
				BD40A7522279344F00EB0F35 /* Assets.xcassets */,
				BD40A7542279344F00EB0F35 /* LaunchScreen.storyboard */,
				BD40A7572279344F00EB0F35 /* Info.plist */,
			);
			path = CountdownDemo;
			sourceTree = "<group>";
		};
/* End PBXGroup section */

/* Begin PBXNativeTarget section */
		BD40A7472279344E00EB0F35 /* CountdownDemo */ = {
			isa = PBXNativeTarget;
			buildConfigurationList = BD40A75A2279344F00EB0F35 /* Build configuration list for PBXNativeTarget "CountdownDemo" */;
			buildPhases = (
				BD40A7442279344E00EB0F35 /* Sources */,
				BD40A7452279344E00EB0F35 /* Frameworks */,
				BD40A7462279344E00EB0F35 /* Resources */,
			);
			buildRules = (
			);
			dependencies = (
			);
			name = CountdownDemo;
			productName = CountdownDemo;
			productReference = BD40A7482279344E00EB0F35 /* CountdownDemo.app */;
			productType = "com.apple.product-type.application";
		};
/* End PBXNativeTarget section */

/* Begin PBXProject section */
		BD40A7402279344E00EB0F35 /* Project object */ = {
			isa = PBXProject;
			attributes = {
				LastSwiftUpdateCheck = 1020;
				LastUpgradeCheck = 1020;
				ORGANIZATIONNAME = "Lambda, Inc";
				TargetAttributes = {
					BD40A7472279344E00EB0F35 = {
						CreatedOnToolsVersion = 10.2.1;
					};
				};
			};
			buildConfigurationList = BD40A7432279344E00EB0F35 /* Build configuration list for PBXProject "CountdownDemo" */;
			compatibilityVersion = "Xcode 9.3";
			developmentRegion = en;
			hasScannedForEncodings = 0;
			knownRegions = (
				en,
				Base,
			);
			mainGroup = BD40A73F2279344E00EB0F35;
			productRefGroup = BD40A7492279344E00EB0F35 /* Products */;
			projectDirPath = "";
			projectRoot = "";
			targets = (
				BD40A7472279344E00EB0F35 /* CountdownDemo */,
			);
		};
/* End PBXProject section */

/* Begin PBXResourcesBuildPhase section */
		BD40A7462279344E00EB0F35 /* Resources */ = {
			isa = PBXResourcesBuildPhase;
			buildActionMask = 2147483647;
			files = (
				BD40A7562279344F00EB0F35 /* LaunchScreen.storyboard in Resources */,
				BD40A7532279344F00EB0F35 /* Assets.xcassets in Resources */,
				BD40A7512279344E00EB0F35 /* Main.storyboard in Resources */,
			);
			runOnlyForDeploymentPostprocessing = 0;
		};
/* End PBXResourcesBuildPhase section */

/* Begin PBXSourcesBuildPhase section */
		BD40A7442279344E00EB0F35 /* Sources */ = {
			isa = PBXSourcesBuildPhase;
			buildActionMask = 2147483647;
			files = (
				BD40A75E2279346B00EB0F35 /* CountdownViewController.swift in Sources */,
				BD40A74C2279344E00EB0F35 /* AppDelegate.swift in Sources */,
				BD02B67B22823A53003F3D78 /* Countdown.swift in Sources */,
			);
			runOnlyForDeploymentPostprocessing = 0;
		};
/* End PBXSourcesBuildPhase section */

/* Begin PBXVariantGroup section */
		BD40A74F2279344E00EB0F35 /* Main.storyboard */ = {
			isa = PBXVariantGroup;
			children = (
				BD40A7502279344E00EB0F35 /* Base */,
			);
			name = Main.storyboard;
			sourceTree = "<group>";
		};
		BD40A7542279344F00EB0F35 /* LaunchScreen.storyboard */ = {
			isa = PBXVariantGroup;
			children = (
				BD40A7552279344F00EB0F35 /* Base */,
			);
			name = LaunchScreen.storyboard;
			sourceTree = "<group>";
		};
/* End PBXVariantGroup section */

/* Begin XCBuildConfiguration section */
		BD40A7582279344F00EB0F35 /* Debug */ = {
			isa = XCBuildConfiguration;
			buildSettings = {
				ALWAYS_SEARCH_USER_PATHS = NO;
				CLANG_ANALYZER_NONNULL = YES;
				CLANG_ANALYZER_NUMBER_OBJECT_CONVERSION = YES_AGGRESSIVE;
				CLANG_CXX_LANGUAGE_STANDARD = "gnu++14";
				CLANG_CXX_LIBRARY = "libc++";
				CLANG_ENABLE_MODULES = YES;
				CLANG_ENABLE_OBJC_ARC = YES;
				CLANG_ENABLE_OBJC_WEAK = YES;
				CLANG_WARN_BLOCK_CAPTURE_AUTORELEASING = YES;
				CLANG_WARN_BOOL_CONVERSION = YES;
				CLANG_WARN_COMMA = YES;
				CLANG_WARN_CONSTANT_CONVERSION = YES;
				CLANG_WARN_DEPRECATED_OBJC_IMPLEMENTATIONS = YES;
				CLANG_WARN_DIRECT_OBJC_ISA_USAGE = YES_ERROR;
				CLANG_WARN_DOCUMENTATION_COMMENTS = YES;
				CLANG_WARN_EMPTY_BODY = YES;
				CLANG_WARN_ENUM_CONVERSION = YES;
				CLANG_WARN_INFINITE_RECURSION = YES;
				CLANG_WARN_INT_CONVERSION = YES;
				CLANG_WARN_NON_LITERAL_NULL_CONVERSION = YES;
				CLANG_WARN_OBJC_IMPLICIT_RETAIN_SELF = YES;
				CLANG_WARN_OBJC_LITERAL_CONVERSION = YES;
				CLANG_WARN_OBJC_ROOT_CLASS = YES_ERROR;
				CLANG_WARN_RANGE_LOOP_ANALYSIS = YES;
				CLANG_WARN_STRICT_PROTOTYPES = YES;
				CLANG_WARN_SUSPICIOUS_MOVE = YES;
				CLANG_WARN_UNGUARDED_AVAILABILITY = YES_AGGRESSIVE;
				CLANG_WARN_UNREACHABLE_CODE = YES;
				CLANG_WARN__DUPLICATE_METHOD_MATCH = YES;
				CODE_SIGN_IDENTITY = "iPhone Developer";
				COPY_PHASE_STRIP = NO;
				DEBUG_INFORMATION_FORMAT = dwarf;
				ENABLE_STRICT_OBJC_MSGSEND = YES;
				ENABLE_TESTABILITY = YES;
				GCC_C_LANGUAGE_STANDARD = gnu11;
				GCC_DYNAMIC_NO_PIC = NO;
				GCC_NO_COMMON_BLOCKS = YES;
				GCC_OPTIMIZATION_LEVEL = 0;
				GCC_PREPROCESSOR_DEFINITIONS = (
					"DEBUG=1",
					"$(inherited)",
				);
				GCC_WARN_64_TO_32_BIT_CONVERSION = YES;
				GCC_WARN_ABOUT_RETURN_TYPE = YES_ERROR;
				GCC_WARN_UNDECLARED_SELECTOR = YES;
				GCC_WARN_UNINITIALIZED_AUTOS = YES_AGGRESSIVE;
				GCC_WARN_UNUSED_FUNCTION = YES;
				GCC_WARN_UNUSED_VARIABLE = YES;
				IPHONEOS_DEPLOYMENT_TARGET = 12.2;
				MTL_ENABLE_DEBUG_INFO = INCLUDE_SOURCE;
				MTL_FAST_MATH = YES;
				ONLY_ACTIVE_ARCH = YES;
				SDKROOT = iphoneos;
				SWIFT_ACTIVE_COMPILATION_CONDITIONS = DEBUG;
				SWIFT_OPTIMIZATION_LEVEL = "-Onone";
			};
			name = Debug;
		};
		BD40A7592279344F00EB0F35 /* Release */ = {
			isa = XCBuildConfiguration;
			buildSettings = {
				ALWAYS_SEARCH_USER_PATHS = NO;
				CLANG_ANALYZER_NONNULL = YES;
				CLANG_ANALYZER_NUMBER_OBJECT_CONVERSION = YES_AGGRESSIVE;
				CLANG_CXX_LANGUAGE_STANDARD = "gnu++14";
				CLANG_CXX_LIBRARY = "libc++";
				CLANG_ENABLE_MODULES = YES;
				CLANG_ENABLE_OBJC_ARC = YES;
				CLANG_ENABLE_OBJC_WEAK = YES;
				CLANG_WARN_BLOCK_CAPTURE_AUTORELEASING = YES;
				CLANG_WARN_BOOL_CONVERSION = YES;
				CLANG_WARN_COMMA = YES;
				CLANG_WARN_CONSTANT_CONVERSION = YES;
				CLANG_WARN_DEPRECATED_OBJC_IMPLEMENTATIONS = YES;
				CLANG_WARN_DIRECT_OBJC_ISA_USAGE = YES_ERROR;
				CLANG_WARN_DOCUMENTATION_COMMENTS = YES;
				CLANG_WARN_EMPTY_BODY = YES;
				CLANG_WARN_ENUM_CONVERSION = YES;
				CLANG_WARN_INFINITE_RECURSION = YES;
				CLANG_WARN_INT_CONVERSION = YES;
				CLANG_WARN_NON_LITERAL_NULL_CONVERSION = YES;
				CLANG_WARN_OBJC_IMPLICIT_RETAIN_SELF = YES;
				CLANG_WARN_OBJC_LITERAL_CONVERSION = YES;
				CLANG_WARN_OBJC_ROOT_CLASS = YES_ERROR;
				CLANG_WARN_RANGE_LOOP_ANALYSIS = YES;
				CLANG_WARN_STRICT_PROTOTYPES = YES;
				CLANG_WARN_SUSPICIOUS_MOVE = YES;
				CLANG_WARN_UNGUARDED_AVAILABILITY = YES_AGGRESSIVE;
				CLANG_WARN_UNREACHABLE_CODE = YES;
				CLANG_WARN__DUPLICATE_METHOD_MATCH = YES;
				CODE_SIGN_IDENTITY = "iPhone Developer";
				COPY_PHASE_STRIP = NO;
				DEBUG_INFORMATION_FORMAT = "dwarf-with-dsym";
				ENABLE_NS_ASSERTIONS = NO;
				ENABLE_STRICT_OBJC_MSGSEND = YES;
				GCC_C_LANGUAGE_STANDARD = gnu11;
				GCC_NO_COMMON_BLOCKS = YES;
				GCC_WARN_64_TO_32_BIT_CONVERSION = YES;
				GCC_WARN_ABOUT_RETURN_TYPE = YES_ERROR;
				GCC_WARN_UNDECLARED_SELECTOR = YES;
				GCC_WARN_UNINITIALIZED_AUTOS = YES_AGGRESSIVE;
				GCC_WARN_UNUSED_FUNCTION = YES;
				GCC_WARN_UNUSED_VARIABLE = YES;
				IPHONEOS_DEPLOYMENT_TARGET = 12.2;
				MTL_ENABLE_DEBUG_INFO = NO;
				MTL_FAST_MATH = YES;
				SDKROOT = iphoneos;
				SWIFT_COMPILATION_MODE = wholemodule;
				SWIFT_OPTIMIZATION_LEVEL = "-O";
				VALIDATE_PRODUCT = YES;
			};
			name = Release;
		};
		BD40A75B2279344F00EB0F35 /* Debug */ = {
			isa = XCBuildConfiguration;
			buildSettings = {
				ASSETCATALOG_COMPILER_APPICON_NAME = AppIcon;
				CODE_SIGN_STYLE = Automatic;
				DEVELOPMENT_TEAM = VXUQXR6S56;
				INFOPLIST_FILE = CountdownDemo/Info.plist;
				LD_RUNPATH_SEARCH_PATHS = (
					"$(inherited)",
					"@executable_path/Frameworks",
				);
				PRODUCT_BUNDLE_IDENTIFIER = com.lambdaschool.CountdownDemo;
				PRODUCT_NAME = "$(TARGET_NAME)";
				SWIFT_VERSION = 5.0;
				TARGETED_DEVICE_FAMILY = "1,2";
			};
			name = Debug;
		};
		BD40A75C2279344F00EB0F35 /* Release */ = {
			isa = XCBuildConfiguration;
			buildSettings = {
				ASSETCATALOG_COMPILER_APPICON_NAME = AppIcon;
				CODE_SIGN_STYLE = Automatic;
				DEVELOPMENT_TEAM = VXUQXR6S56;
				INFOPLIST_FILE = CountdownDemo/Info.plist;
				LD_RUNPATH_SEARCH_PATHS = (
					"$(inherited)",
					"@executable_path/Frameworks",
				);
				PRODUCT_BUNDLE_IDENTIFIER = com.lambdaschool.CountdownDemo;
				PRODUCT_NAME = "$(TARGET_NAME)";
				SWIFT_VERSION = 5.0;
				TARGETED_DEVICE_FAMILY = "1,2";
			};
			name = Release;
		};
/* End XCBuildConfiguration section */

/* Begin XCConfigurationList section */
		BD40A7432279344E00EB0F35 /* Build configuration list for PBXProject "CountdownDemo" */ = {
			isa = XCConfigurationList;
			buildConfigurations = (
				BD40A7582279344F00EB0F35 /* Debug */,
				BD40A7592279344F00EB0F35 /* Release */,
			);
			defaultConfigurationIsVisible = 0;
			defaultConfigurationName = Release;
		};
		BD40A75A2279344F00EB0F35 /* Build configuration list for PBXNativeTarget "CountdownDemo" */ = {
			isa = XCConfigurationList;
			buildConfigurations = (
				BD40A75B2279344F00EB0F35 /* Debug */,
				BD40A75C2279344F00EB0F35 /* Release */,
			);
			defaultConfigurationIsVisible = 0;
			defaultConfigurationName = Release;
		};
/* End XCConfigurationList section */
	};
	rootObject = BD40A7402279344E00EB0F35 /* Project object */;
}
